
Microsoft Visual Studio Solution File, Format Version 12.00
# Visual Studio 15
VisualStudioVersion = 15.0.26124.0
MinimumVisualStudioVersion = 15.0.26124.0
Project("{FAE04EC0-301F-11D3-BF4B-00C04F79EFBC}") = "Domain", "Domain\Domain.csproj", "{E370815C-FB52-4757-8973-6E5E3AF904F2}"
EndProject
Project("{FAE04EC0-301F-11D3-BF4B-00C04F79EFBC}") = "Application", "Application\Application.csproj", "{577EC3D7-E1C6-4031-B402-96266410F7D1}"
EndProject
Project("{FAE04EC0-301F-11D3-BF4B-00C04F79EFBC}") = "Persistence", "Persistence\Persistence.csproj", "{90E1CCC6-9283-4175-94E0-613095E48E2B}"
EndProject
Project("{FAE04EC0-301F-11D3-BF4B-00C04F79EFBC}") = "API", "API\API.csproj", "{823C0109-A8C8-4167-B589-F3B820A1A153}"
EndProject
Global
	GlobalSection(SolutionConfigurationPlatforms) = preSolution
		Debug|Any CPU = Debug|Any CPU
		Debug|x64 = Debug|x64
		Debug|x86 = Debug|x86
		Release|Any CPU = Release|Any CPU
		Release|x64 = Release|x64
		Release|x86 = Release|x86
	EndGlobalSection
	GlobalSection(SolutionProperties) = preSolution
		HideSolutionNode = FALSE
	EndGlobalSection
	GlobalSection(ProjectConfigurationPlatforms) = postSolution
		{E370815C-FB52-4757-8973-6E5E3AF904F2}.Debug|Any CPU.ActiveCfg = Debug|Any CPU
		{E370815C-FB52-4757-8973-6E5E3AF904F2}.Debug|Any CPU.Build.0 = Debug|Any CPU
		{E370815C-FB52-4757-8973-6E5E3AF904F2}.Debug|x64.ActiveCfg = Debug|Any CPU
		{E370815C-FB52-4757-8973-6E5E3AF904F2}.Debug|x64.Build.0 = Debug|Any CPU
		{E370815C-FB52-4757-8973-6E5E3AF904F2}.Debug|x86.ActiveCfg = Debug|Any CPU
		{E370815C-FB52-4757-8973-6E5E3AF904F2}.Debug|x86.Build.0 = Debug|Any CPU
		{E370815C-FB52-4757-8973-6E5E3AF904F2}.Release|Any CPU.ActiveCfg = Release|Any CPU
		{E370815C-FB52-4757-8973-6E5E3AF904F2}.Release|Any CPU.Build.0 = Release|Any CPU
		{E370815C-FB52-4757-8973-6E5E3AF904F2}.Release|x64.ActiveCfg = Release|Any CPU
		{E370815C-FB52-4757-8973-6E5E3AF904F2}.Release|x64.Build.0 = Release|Any CPU
		{E370815C-FB52-4757-8973-6E5E3AF904F2}.Release|x86.ActiveCfg = Release|Any CPU
		{E370815C-FB52-4757-8973-6E5E3AF904F2}.Release|x86.Build.0 = Release|Any CPU
		{577EC3D7-E1C6-4031-B402-96266410F7D1}.Debug|Any CPU.ActiveCfg = Debug|Any CPU
		{577EC3D7-E1C6-4031-B402-96266410F7D1}.Debug|Any CPU.Build.0 = Debug|Any CPU
		{577EC3D7-E1C6-4031-B402-96266410F7D1}.Debug|x64.ActiveCfg = Debug|Any CPU
		{577EC3D7-E1C6-4031-B402-96266410F7D1}.Debug|x64.Build.0 = Debug|Any CPU
		{577EC3D7-E1C6-4031-B402-96266410F7D1}.Debug|x86.ActiveCfg = Debug|Any CPU
		{577EC3D7-E1C6-4031-B402-96266410F7D1}.Debug|x86.Build.0 = Debug|Any CPU
		{577EC3D7-E1C6-4031-B402-96266410F7D1}.Release|Any CPU.ActiveCfg = Release|Any CPU
		{577EC3D7-E1C6-4031-B402-96266410F7D1}.Release|Any CPU.Build.0 = Release|Any CPU
		{577EC3D7-E1C6-4031-B402-96266410F7D1}.Release|x64.ActiveCfg = Release|Any CPU
		{577EC3D7-E1C6-4031-B402-96266410F7D1}.Release|x64.Build.0 = Release|Any CPU
		{577EC3D7-E1C6-4031-B402-96266410F7D1}.Release|x86.ActiveCfg = Release|Any CPU
		{577EC3D7-E1C6-4031-B402-96266410F7D1}.Release|x86.Build.0 = Release|Any CPU
		{90E1CCC6-9283-4175-94E0-613095E48E2B}.Debug|Any CPU.ActiveCfg = Debug|Any CPU
		{90E1CCC6-9283-4175-94E0-613095E48E2B}.Debug|Any CPU.Build.0 = Debug|Any CPU
		{90E1CCC6-9283-4175-94E0-613095E48E2B}.Debug|x64.ActiveCfg = Debug|Any CPU
		{90E1CCC6-9283-4175-94E0-613095E48E2B}.Debug|x64.Build.0 = Debug|Any CPU
		{90E1CCC6-9283-4175-94E0-613095E48E2B}.Debug|x86.ActiveCfg = Debug|Any CPU
		{90E1CCC6-9283-4175-94E0-613095E48E2B}.Debug|x86.Build.0 = Debug|Any CPU
		{90E1CCC6-9283-4175-94E0-613095E48E2B}.Release|Any CPU.ActiveCfg = Release|Any CPU
		{90E1CCC6-9283-4175-94E0-613095E48E2B}.Release|Any CPU.Build.0 = Release|Any CPU
		{90E1CCC6-9283-4175-94E0-613095E48E2B}.Release|x64.ActiveCfg = Release|Any CPU
		{90E1CCC6-9283-4175-94E0-613095E48E2B}.Release|x64.Build.0 = Release|Any CPU
		{90E1CCC6-9283-4175-94E0-613095E48E2B}.Release|x86.ActiveCfg = Release|Any CPU
		{90E1CCC6-9283-4175-94E0-613095E48E2B}.Release|x86.Build.0 = Release|Any CPU
		{823C0109-A8C8-4167-B589-F3B820A1A153}.Debug|Any CPU.ActiveCfg = Debug|Any CPU
		{823C0109-A8C8-4167-B589-F3B820A1A153}.Debug|Any CPU.Build.0 = Debug|Any CPU
		{823C0109-A8C8-4167-B589-F3B820A1A153}.Debug|x64.ActiveCfg = Debug|Any CPU
		{823C0109-A8C8-4167-B589-F3B820A1A153}.Debug|x64.Build.0 = Debug|Any CPU
		{823C0109-A8C8-4167-B589-F3B820A1A153}.Debug|x86.ActiveCfg = Debug|Any CPU
		{823C0109-A8C8-4167-B589-F3B820A1A153}.Debug|x86.Build.0 = Debug|Any CPU
		{823C0109-A8C8-4167-B589-F3B820A1A153}.Release|Any CPU.ActiveCfg = Release|Any CPU
		{823C0109-A8C8-4167-B589-F3B820A1A153}.Release|Any CPU.Build.0 = Release|Any CPU
		{823C0109-A8C8-4167-B589-F3B820A1A153}.Release|x64.ActiveCfg = Release|Any CPU
		{823C0109-A8C8-4167-B589-F3B820A1A153}.Release|x64.Build.0 = Release|Any CPU
		{823C0109-A8C8-4167-B589-F3B820A1A153}.Release|x86.ActiveCfg = Release|Any CPU
		{823C0109-A8C8-4167-B589-F3B820A1A153}.Release|x86.Build.0 = Release|Any CPU
	EndGlobalSection
EndGlobal
